
Microsoft Visual Studio Solution File, Format Version 12.00
# Visual Studio Version 17
VisualStudioVersion = 17.1.32228.430
MinimumVisualStudioVersion = 10.0.40219.1
Project("{9A19103F-16F7-4668-BE54-9A1E7A4F7556}") = "DurableEngine", "DurableEngine\DurableEngine.csproj", "{59F5E875-2B1F-4428-98B4-CEE3B286BC37}"
EndProject
Project("{9A19103F-16F7-4668-BE54-9A1E7A4F7556}") = "DurableSDK", "DurableSDK\DurableSDK.csproj", "{98BCB442-ADA6-480F-868C-CB3CAF5FFF43}"
EndProject
Global
	GlobalSection(SolutionConfigurationPlatforms) = preSolution
		Debug|Any CPU = Debug|Any CPU
		Release|Any CPU = Release|Any CPU
	EndGlobalSection
	GlobalSection(ProjectConfigurationPlatforms) = postSolution
		{59F5E875-2B1F-4428-98B4-CEE3B286BC37}.Debug|Any CPU.ActiveCfg = Debug|Any CPU
		{59F5E875-2B1F-4428-98B4-CEE3B286BC37}.Debug|Any CPU.Build.0 = Debug|Any CPU
		{59F5E875-2B1F-4428-98B4-CEE3B286BC37}.Release|Any CPU.ActiveCfg = Release|Any CPU
		{59F5E875-2B1F-4428-98B4-CEE3B286BC37}.Release|Any CPU.Build.0 = Release|Any CPU
		{98BCB442-ADA6-480F-868C-CB3CAF5FFF43}.Debug|Any CPU.ActiveCfg = Debug|Any CPU
		{98BCB442-ADA6-480F-868C-CB3CAF5FFF43}.Debug|Any CPU.Build.0 = Debug|Any CPU
		{98BCB442-ADA6-480F-868C-CB3CAF5FFF43}.Release|Any CPU.ActiveCfg = Release|Any CPU
		{98BCB442-ADA6-480F-868C-CB3CAF5FFF43}.Release|Any CPU.Build.0 = Release|Any CPU
	EndGlobalSection
	GlobalSection(SolutionProperties) = preSolution
		HideSolutionNode = FALSE
	EndGlobalSection
	GlobalSection(ExtensibilityGlobals) = postSolution
		SolutionGuid = {874A1FBC-F7AB-4FAF-9631-D84660EFF9D3}
	EndGlobalSection
EndGlobal
